
Microsoft Visual Studio Solution File, Format Version 12.00
# Visual Studio Version 16
VisualStudioVersion = 16.0.30804.86
MinimumVisualStudioVersion = 10.0.40219.1
Project("{FAE04EC0-301F-11D3-BF4B-00C04F79EFBC}") = "COMP212Lab1", "COMP212Lab1.csproj", "{7B102E81-2A5C-4D2E-BA74-438D63382C9A}"
EndProject
Global
	GlobalSection(SolutionConfigurationPlatforms) = preSolution
		Debug|Any CPU = Debug|Any CPU
		Release|Any CPU = Release|Any CPU
	EndGlobalSection
	GlobalSection(ProjectConfigurationPlatforms) = postSolution
		{7B102E81-2A5C-4D2E-BA74-438D63382C9A}.Debug|Any CPU.ActiveCfg = Debug|Any CPU
		{7B102E81-2A5C-4D2E-BA74-438D63382C9A}.Debug|Any CPU.Build.0 = Debug|Any CPU
		{7B102E81-2A5C-4D2E-BA74-438D63382C9A}.Release|Any CPU.ActiveCfg = Release|Any CPU
		{7B102E81-2A5C-4D2E-BA74-438D63382C9A}.Release|Any CPU.Build.0 = Release|Any CPU
	EndGlobalSection
	GlobalSection(SolutionProperties) = preSolution
		HideSolutionNode = FALSE
	EndGlobalSection
	GlobalSection(ExtensibilityGlobals) = postSolution
		SolutionGuid = {E4A8B2CB-855A-471C-81BF-0937910383EC}
	EndGlobalSection
EndGlobal
